<?xml version="1.0" encoding="utf-8"?>
<Project ToolsVersion="4.0" xmlns="http://schemas.microsoft.com/developer/msbuild/2003">
  <ItemGroup>
    <Filter Include="Sources">
      <UniqueIdentifier>{8b7ed093-66ce-4096-96d2-fbb9faa4bf52}</UniqueIdentifier>
    </Filter>
    <Filter Include="Sources\Modules">
      <UniqueIdentifier>{7b418be2-1631-4a31-9ef2-8a8b234a7339}</UniqueIdentifier>
    </Filter>
    <Filter Include="Sources\Containers">
      <UniqueIdentifier>{afc36133-f401-499a-aa33-0da1e500fb52}</UniqueIdentifier>
    </Filter>
    <Filter Include="Sources\Tools">
      <UniqueIdentifier>{7e4dfaf7-022c-4f7d-92aa-f3b3fa9d6248}</UniqueIdentifier>
    </Filter>
    <Filter Include="Sources\Tools\Imgui">
      <UniqueIdentifier>{9b539853-c6e5-453b-8105-11ca9c60e654}</UniqueIdentifier>
    </Filter>
    <Filter Include="Sources\Scene">
      <UniqueIdentifier>{9b7b5b08-7a3a-4d01-aa00-c98fa2a1925f}</UniqueIdentifier>
    </Filter>
    <Filter Include="Sources\Tools\MathGeoLib">
      <UniqueIdentifier>{a3d8135b-0934-4830-ad79-192098ef90fb}</UniqueIdentifier>
    </Filter>
    <Filter Include="Sources\Tools\MathGeoLib\Random_Algorithm">
      <UniqueIdentifier>{fa488819-95cf-483b-900e-a6663443036c}</UniqueIdentifier>
    </Filter>
    <Filter Include="Sources\Tools\MathGeoLib\Geometry">
      <UniqueIdentifier>{d768c76c-ab81-4712-a504-06400e6f6619}</UniqueIdentifier>
    </Filter>
    <Filter Include="Sources\Tools\MathGeoLib\Math">
      <UniqueIdentifier>{72dc060e-7118-43c0-9a02-507eb6bf07a0}</UniqueIdentifier>
    </Filter>
    <Filter Include="Sources\Tools\MathGeoLib\Time">
      <UniqueIdentifier>{899f36bf-64d1-47e5-b96f-0140ea72e9e3}</UniqueIdentifier>
    </Filter>
    <Filter Include="Sources\Modules\Console">
      <UniqueIdentifier>{c5082f5b-7f74-4e45-8b79-5a3052a5a3b0}</UniqueIdentifier>
    </Filter>
    <Filter Include="Sources\Tools\Parson">
      <UniqueIdentifier>{01b7e46b-cf9f-4e2c-ac90-c69c9fd88c91}</UniqueIdentifier>
    </Filter>
    <Filter Include="Sources\Tools\mmgr">
      <UniqueIdentifier>{c4336c53-a888-4251-9214-eb8fcc1d0ea2}</UniqueIdentifier>
    </Filter>
    <Filter Include="Sources\Modules\Input">
      <UniqueIdentifier>{cd6c406a-9a20-4130-a967-be3772505c64}</UniqueIdentifier>
    </Filter>
    <Filter Include="Sources\Tools\stb">
      <UniqueIdentifier>{6958ef8c-c4ef-47dc-b9a7-71c6a60de134}</UniqueIdentifier>
    </Filter>
    <Filter Include="Sources\GameObject &amp; Components">
      <UniqueIdentifier>{d8bad644-2d5a-41e7-bdb8-6641e3181d51}</UniqueIdentifier>
    </Filter>
    <Filter Include="Sources\Containers\Primitives">
      <UniqueIdentifier>{4406f9e8-a687-4c4a-b604-15079471fd54}</UniqueIdentifier>
    </Filter>
    <Filter Include="Sources\PrimitiveGenerators">
      <UniqueIdentifier>{4bae6818-0a38-4cf0-af11-c90b1c050232}</UniqueIdentifier>
    </Filter>
    <Filter Include="Sources\Importers &amp; Serializer">
      <UniqueIdentifier>{71703e85-0e1f-4715-87f7-cc6cec5a046d}</UniqueIdentifier>
    </Filter>
    <Filter Include="Sources\Resources">
      <UniqueIdentifier>{2d5aa437-1437-4cf7-a6ac-784e664dd34d}</UniqueIdentifier>
    </Filter>
  </ItemGroup>
  <ItemGroup>
    <ClInclude Include="Engine\Color.h">
      <Filter>Sources\Containers</Filter>
    </ClInclude>
    <ClInclude Include="Engine\p2Point.h">
      <Filter>Sources\Containers</Filter>
    </ClInclude>
    <ClInclude Include="Engine\ModuleAudio.h">
      <Filter>Sources\Modules</Filter>
    </ClInclude>
    <ClInclude Include="Engine\ModuleCamera3D.h">
      <Filter>Sources\Modules</Filter>
    </ClInclude>
    <ClInclude Include="Engine\ModuleRenderer3D.h">
      <Filter>Sources\Modules</Filter>
    </ClInclude>
    <ClInclude Include="Engine\ModuleWindow.h">
      <Filter>Sources\Modules</Filter>
    </ClInclude>
    <ClInclude Include="Engine\Globals.h">
      <Filter>Sources</Filter>
    </ClInclude>
    <ClInclude Include="Engine\Application.h">
      <Filter>Sources</Filter>
    </ClInclude>
    <ClInclude Include="Engine\Timer.h">
      <Filter>Sources\Tools</Filter>
    </ClInclude>
    <ClInclude Include="Engine\Quadtree.h">
      <Filter>Sources\Tools</Filter>
    </ClInclude>
    <ClInclude Include="Engine\imgui\imgui.h">
      <Filter>Sources\Tools\Imgui</Filter>
    </ClInclude>
    <ClInclude Include="Engine\imgui\imgui_internal.h">
      <Filter>Sources\Tools\Imgui</Filter>
    </ClInclude>
    <ClInclude Include="Engine\imgui\imgui_impl_sdl.h">
      <Filter>Sources\Tools\Imgui</Filter>
    </ClInclude>
    <ClInclude Include="Engine\ModuleImgui.h">
      <Filter>Sources\Modules</Filter>
    </ClInclude>
    <ClInclude Include="Engine\MathGeoLib\Algorithm\Random\LCG.h">
      <Filter>Sources\Tools\MathGeoLib\Random_Algorithm</Filter>
    </ClInclude>
    <ClInclude Include="Engine\MathGeoLib\Time\Clock.h">
      <Filter>Sources\Tools\MathGeoLib\Time</Filter>
    </ClInclude>
    <ClInclude Include="Engine\MathGeoLib\Math\assume.h">
      <Filter>Sources\Tools\MathGeoLib\Math</Filter>
    </ClInclude>
    <ClInclude Include="Engine\MathGeoLib\Math\BitOps.h">
      <Filter>Sources\Tools\MathGeoLib\Math</Filter>
    </ClInclude>
    <ClInclude Include="Engine\MathGeoLib\Math\Complex.h">
      <Filter>Sources\Tools\MathGeoLib\Math</Filter>
    </ClInclude>
    <ClInclude Include="Engine\MathGeoLib\Math\CoordinateAxisConvention.h">
      <Filter>Sources\Tools\MathGeoLib\Math</Filter>
    </ClInclude>
    <ClInclude Include="Engine\MathGeoLib\Math\FixedPoint.h">
      <Filter>Sources\Tools\MathGeoLib\Math</Filter>
    </ClInclude>
    <ClInclude Include="Engine\MathGeoLib\Math\float2.h">
      <Filter>Sources\Tools\MathGeoLib\Math</Filter>
    </ClInclude>
    <ClInclude Include="Engine\MathGeoLib\Math\float3.h">
      <Filter>Sources\Tools\MathGeoLib\Math</Filter>
    </ClInclude>
    <ClInclude Include="Engine\MathGeoLib\Math\float3x3.h">
      <Filter>Sources\Tools\MathGeoLib\Math</Filter>
    </ClInclude>
    <ClInclude Include="Engine\MathGeoLib\Math\float3x4.h">
      <Filter>Sources\Tools\MathGeoLib\Math</Filter>
    </ClInclude>
    <ClInclude Include="Engine\MathGeoLib\Math\float4.h">
      <Filter>Sources\Tools\MathGeoLib\Math</Filter>
    </ClInclude>
    <ClInclude Include="Engine\MathGeoLib\Math\float4_neon.h">
      <Filter>Sources\Tools\MathGeoLib\Math</Filter>
    </ClInclude>
    <ClInclude Include="Engine\MathGeoLib\Math\float4_sse.h">
      <Filter>Sources\Tools\MathGeoLib\Math</Filter>
    </ClInclude>
    <ClInclude Include="Engine\MathGeoLib\Math\float4x4.h">
      <Filter>Sources\Tools\MathGeoLib\Math</Filter>
    </ClInclude>
    <ClInclude Include="Engine\MathGeoLib\Math\float4x4_neon.h">
      <Filter>Sources\Tools\MathGeoLib\Math</Filter>
    </ClInclude>
    <ClInclude Include="Engine\MathGeoLib\Math\float4x4_sse.h">
      <Filter>Sources\Tools\MathGeoLib\Math</Filter>
    </ClInclude>
    <ClInclude Include="Engine\MathGeoLib\Math\FloatCmp.h">
      <Filter>Sources\Tools\MathGeoLib\Math</Filter>
    </ClInclude>
    <ClInclude Include="Engine\MathGeoLib\Math\MathAll.h">
      <Filter>Sources\Tools\MathGeoLib\Math</Filter>
    </ClInclude>
    <ClInclude Include="Engine\MathGeoLib\Math\MathConstants.h">
      <Filter>Sources\Tools\MathGeoLib\Math</Filter>
    </ClInclude>
    <ClInclude Include="Engine\MathGeoLib\Math\MathFunc.h">
      <Filter>Sources\Tools\MathGeoLib\Math</Filter>
    </ClInclude>
    <ClInclude Include="Engine\MathGeoLib\Math\MathLog.h">
      <Filter>Sources\Tools\MathGeoLib\Math</Filter>
    </ClInclude>
    <ClInclude Include="Engine\MathGeoLib\Math\MathNamespace.h">
      <Filter>Sources\Tools\MathGeoLib\Math</Filter>
    </ClInclude>
    <ClInclude Include="Engine\MathGeoLib\Math\MathTypes.h">
      <Filter>Sources\Tools\MathGeoLib\Math</Filter>
    </ClInclude>
    <ClInclude Include="Engine\MathGeoLib\Math\MatrixProxy.h">
      <Filter>Sources\Tools\MathGeoLib\Math</Filter>
    </ClInclude>
    <ClInclude Include="Engine\MathGeoLib\Math\myassert.h">
      <Filter>Sources\Tools\MathGeoLib\Math</Filter>
    </ClInclude>
    <ClInclude Include="Engine\MathGeoLib\Math\Polynomial.h">
      <Filter>Sources\Tools\MathGeoLib\Math</Filter>
    </ClInclude>
    <ClInclude Include="Engine\MathGeoLib\Math\Quat.h">
      <Filter>Sources\Tools\MathGeoLib\Math</Filter>
    </ClInclude>
    <ClInclude Include="Engine\MathGeoLib\Math\quat_simd.h">
      <Filter>Sources\Tools\MathGeoLib\Math</Filter>
    </ClInclude>
    <ClInclude Include="Engine\MathGeoLib\Math\Rect.h">
      <Filter>Sources\Tools\MathGeoLib\Math</Filter>
    </ClInclude>
    <ClInclude Include="Engine\MathGeoLib\Math\Reinterpret.h">
      <Filter>Sources\Tools\MathGeoLib\Math</Filter>
    </ClInclude>
    <ClInclude Include="Engine\MathGeoLib\Math\sse_mathfun.h">
      <Filter>Sources\Tools\MathGeoLib\Math</Filter>
    </ClInclude>
    <ClInclude Include="Engine\MathGeoLib\Math\SSEMath.h">
      <Filter>Sources\Tools\MathGeoLib\Math</Filter>
    </ClInclude>
    <ClInclude Include="Engine\MathGeoLib\Math\TransformOps.h">
      <Filter>Sources\Tools\MathGeoLib\Math</Filter>
    </ClInclude>
    <ClInclude Include="Engine\MathGeoLib\Geometry\AABB.h">
      <Filter>Sources\Tools\MathGeoLib\Geometry</Filter>
    </ClInclude>
    <ClInclude Include="Engine\MathGeoLib\Geometry\AABB2D.h">
      <Filter>Sources\Tools\MathGeoLib\Geometry</Filter>
    </ClInclude>
    <ClInclude Include="Engine\MathGeoLib\Geometry\Capsule.h">
      <Filter>Sources\Tools\MathGeoLib\Geometry</Filter>
    </ClInclude>
    <ClInclude Include="Engine\MathGeoLib\Geometry\Circle.h">
      <Filter>Sources\Tools\MathGeoLib\Geometry</Filter>
    </ClInclude>
    <ClInclude Include="Engine\MathGeoLib\Geometry\Frustum.h">
      <Filter>Sources\Tools\MathGeoLib\Geometry</Filter>
    </ClInclude>
    <ClInclude Include="Engine\MathGeoLib\Geometry\GeometryAll.h">
      <Filter>Sources\Tools\MathGeoLib\Geometry</Filter>
    </ClInclude>
    <ClInclude Include="Engine\MathGeoLib\Geometry\GeomType.h">
      <Filter>Sources\Tools\MathGeoLib\Geometry</Filter>
    </ClInclude>
    <ClInclude Include="Engine\MathGeoLib\Geometry\HitInfo.h">
      <Filter>Sources\Tools\MathGeoLib\Geometry</Filter>
    </ClInclude>
    <ClInclude Include="Engine\MathGeoLib\Geometry\KDTree.h">
      <Filter>Sources\Tools\MathGeoLib\Geometry</Filter>
    </ClInclude>
    <ClInclude Include="Engine\MathGeoLib\Geometry\Line.h">
      <Filter>Sources\Tools\MathGeoLib\Geometry</Filter>
    </ClInclude>
    <ClInclude Include="Engine\MathGeoLib\Geometry\LineSegment.h">
      <Filter>Sources\Tools\MathGeoLib\Geometry</Filter>
    </ClInclude>
    <ClInclude Include="Engine\MathGeoLib\Geometry\OBB.h">
      <Filter>Sources\Tools\MathGeoLib\Geometry</Filter>
    </ClInclude>
    <ClInclude Include="Engine\MathGeoLib\Geometry\PBVolume.h">
      <Filter>Sources\Tools\MathGeoLib\Geometry</Filter>
    </ClInclude>
    <ClInclude Include="Engine\MathGeoLib\Geometry\Plane.h">
      <Filter>Sources\Tools\MathGeoLib\Geometry</Filter>
    </ClInclude>
    <ClInclude Include="Engine\MathGeoLib\Geometry\Polygon.h">
      <Filter>Sources\Tools\MathGeoLib\Geometry</Filter>
    </ClInclude>
    <ClInclude Include="Engine\MathGeoLib\Geometry\Polyhedron.h">
      <Filter>Sources\Tools\MathGeoLib\Geometry</Filter>
    </ClInclude>
    <ClInclude Include="Engine\MathGeoLib\Geometry\QuadTree.h">
      <Filter>Sources\Tools\MathGeoLib\Geometry</Filter>
    </ClInclude>
    <ClInclude Include="Engine\MathGeoLib\Geometry\Ray.h">
      <Filter>Sources\Tools\MathGeoLib\Geometry</Filter>
    </ClInclude>
    <ClInclude Include="Engine\MathGeoLib\Geometry\Sphere.h">
      <Filter>Sources\Tools\MathGeoLib\Geometry</Filter>
    </ClInclude>
    <ClInclude Include="Engine\MathGeoLib\Geometry\Triangle.h">
      <Filter>Sources\Tools\MathGeoLib\Geometry</Filter>
    </ClInclude>
    <ClInclude Include="Engine\MathGeoLib\Geometry\TriangleMesh.h">
      <Filter>Sources\Tools\MathGeoLib\Geometry</Filter>
    </ClInclude>
    <ClInclude Include="Engine\ModuleConsole.h">
      <Filter>Sources\Modules\Console</Filter>
    </ClInclude>
    <ClInclude Include="Engine\BasicConsole.h">
      <Filter>Sources\Modules\Console</Filter>
    </ClInclude>
    <ClInclude Include="Engine\Parson\parson.h">
      <Filter>Sources\Tools\Parson</Filter>
    </ClInclude>
    <ClInclude Include="Engine\Module.h">
      <Filter>Sources</Filter>
    </ClInclude>
    <ClInclude Include="Engine\FileSystem.h">
      <Filter>Sources\Modules</Filter>
    </ClInclude>
    <ClInclude Include="Engine\ModuleHardware.h">
      <Filter>Sources\Modules</Filter>
    </ClInclude>
    <ClInclude Include="Engine\mmgr\mmgr.h">
      <Filter>Sources\Tools\mmgr</Filter>
    </ClInclude>
    <ClInclude Include="Engine\mmgr\nommgr.h">
      <Filter>Sources\Tools\mmgr</Filter>
    </ClInclude>
    <ClInclude Include="Engine\Profiler.h">
      <Filter>Sources\Tools</Filter>
    </ClInclude>
    <ClInclude Include="Engine\PerfTimer.h">
      <Filter>Sources\Tools</Filter>
    </ClInclude>
    <ClInclude Include="Engine\ModuleInput.h">
      <Filter>Sources\Modules\Input</Filter>
    </ClInclude>
    <ClInclude Include="Engine\InputManager.h">
      <Filter>Sources\Modules\Input</Filter>
    </ClInclude>
    <ClInclude Include="Engine\MathGeoLib\MathBuildConfig.h">
      <Filter>Sources\Tools\MathGeoLib</Filter>
    </ClInclude>
    <ClInclude Include="Engine\MathGeoLib\MathGeoLib.h">
      <Filter>Sources\Tools\MathGeoLib</Filter>
    </ClInclude>
    <ClInclude Include="Engine\MathGeoLib\MathGeoLibFwd.h">
      <Filter>Sources\Tools\MathGeoLib</Filter>
    </ClInclude>
    <ClInclude Include="Engine\Primitive_.h">
      <Filter>Sources\Containers\Primitives</Filter>
    </ClInclude>
    <ClInclude Include="Engine\GeometryManager.h">
      <Filter>Sources\Modules</Filter>
    </ClInclude>
    <ClInclude Include="Engine\imgui\imgui_dock.h">
      <Filter>Sources\Tools\Imgui</Filter>
    </ClInclude>
    <ClInclude Include="Engine\Capsule_.h">
      <Filter>Sources\Containers\Primitives</Filter>
    </ClInclude>
    <ClInclude Include="Engine\Frustrum_.h">
      <Filter>Sources\Containers\Primitives</Filter>
    </ClInclude>
    <ClInclude Include="Engine\MathGeoLib\Geometry\Cylinder.h">
      <Filter>Sources\Tools\MathGeoLib\Geometry</Filter>
    </ClInclude>
    <ClInclude Include="Engine\stb\stb_image.h">
      <Filter>Sources\Tools\stb</Filter>
    </ClInclude>
    <ClInclude Include="Engine\stb\stb.h">
      <Filter>Sources\Tools\stb</Filter>
    </ClInclude>
    <ClInclude Include="Engine\ModuleTextures.h">
      <Filter>Sources\Modules</Filter>
    </ClInclude>
    <ClInclude Include="Engine\Grid_.h">
      <Filter>Sources\Containers\Primitives</Filter>
    </ClInclude>
    <ClInclude Include="Engine\GameObject.h">
      <Filter>Sources\GameObject &amp; Components</Filter>
    </ClInclude>
    <ClInclude Include="Engine\Component.h">
      <Filter>Sources\GameObject &amp; Components</Filter>
    </ClInclude>
    <ClInclude Include="Engine\ModuleScene.h">
      <Filter>Sources\Scene</Filter>
    </ClInclude>
    <ClInclude Include="Engine\ComponentTransform.h">
      <Filter>Sources\GameObject &amp; Components</Filter>
    </ClInclude>
    <ClInclude Include="Engine\ComponentMesh.h">
      <Filter>Sources\GameObject &amp; Components</Filter>
    </ClInclude>
    <ClInclude Include="Engine\ComponentMaterial.h">
      <Filter>Sources\GameObject &amp; Components</Filter>
    </ClInclude>
    <ClInclude Include="Engine\Light.h">
      <Filter>Sources\Containers</Filter>
    </ClInclude>
    <ClInclude Include="Engine\ModelImporter.h">
      <Filter>Sources\Importers &amp; Serializer</Filter>
    </ClInclude>
    <ClInclude Include="Engine\Importer.h">
      <Filter>Sources\Importers &amp; Serializer</Filter>
    </ClInclude>
    <ClInclude Include="Engine\ComponentMeshRenderer.h">
      <Filter>Sources\GameObject &amp; Components</Filter>
    </ClInclude>
    <ClInclude Include="Engine\MaterialImporter.h">
      <Filter>Sources\Importers &amp; Serializer</Filter>
    </ClInclude>
    <ClInclude Include="Engine\MeshImporter.h">
      <Filter>Sources\Importers &amp; Serializer</Filter>
    </ClInclude>
    <ClInclude Include="Engine\ImporterManager.h">
      <Filter>Sources\Importers &amp; Serializer</Filter>
    </ClInclude>
    <ClInclude Include="Engine\ComponentCamera.h">
      <Filter>Sources\GameObject &amp; Components</Filter>
    </ClInclude>
    <ClInclude Include="Engine\Octree.h">
      <Filter>Sources\Tools</Filter>
    </ClInclude>
    <ClInclude Include="Engine\PrimitiveGenerator.h">
      <Filter>Sources\PrimitiveGenerators</Filter>
    </ClInclude>
    <ClInclude Include="Engine\SphereGenerator.h">
      <Filter>Sources\PrimitiveGenerators</Filter>
    </ClInclude>
    <ClInclude Include="Engine\CubeGenerator.h">
      <Filter>Sources\PrimitiveGenerators</Filter>
    </ClInclude>
    <ClInclude Include="Engine\CylinderGenerator.h">
      <Filter>Sources\PrimitiveGenerators</Filter>
    </ClInclude>
    <ClInclude Include="Engine\Serializer.h">
      <Filter>Sources\Importers &amp; Serializer</Filter>
    </ClInclude>
    <ClInclude Include="Engine\FrustumGenerator.h">
      <Filter>Sources\PrimitiveGenerators</Filter>
    </ClInclude>
    <ClInclude Include="Engine\ComponentCubeMesh.h">
      <Filter>Sources\GameObject &amp; Components</Filter>
    </ClInclude>
    <ClInclude Include="Engine\ComponentPrimitiveMesh.h">
      <Filter>Sources\GameObject &amp; Components</Filter>
    </ClInclude>
    <ClInclude Include="Engine\ComponentSphereMesh.h">
      <Filter>Sources\GameObject &amp; Components</Filter>
    </ClInclude>
    <ClInclude Include="Engine\ComponentCylinderMesh.h">
      <Filter>Sources\GameObject &amp; Components</Filter>
    </ClInclude>
    <ClInclude Include="Engine\TimeManager.h">
      <Filter>Sources\Tools</Filter>
    </ClInclude>
    <ClInclude Include="Engine\ResourcesManager.h">
      <Filter>Sources\Modules</Filter>
    </ClInclude>
    <ClInclude Include="Engine\Resource.h">
      <Filter>Sources\Resources</Filter>
    </ClInclude>
    <ClInclude Include="Engine\ResourceMesh.h">
      <Filter>Sources\Resources</Filter>
    </ClInclude>
    <ClInclude Include="Engine\ResourceMaterial.h">
      <Filter>Sources\Resources</Filter>
    </ClInclude>
  </ItemGroup>
  <ItemGroup>
    <ClCompile Include="Engine\Color.cpp">
      <Filter>Sources\Containers</Filter>
    </ClCompile>
    <ClCompile Include="Engine\Application.cpp">
      <Filter>Sources</Filter>
    </ClCompile>
    <ClCompile Include="Engine\log.cpp">
      <Filter>Sources\Tools</Filter>
    </ClCompile>
    <ClCompile Include="Engine\ModuleAudio.cpp">
      <Filter>Sources\Modules</Filter>
    </ClCompile>
    <ClCompile Include="Engine\ModuleCamera3D.cpp">
      <Filter>Sources\Modules</Filter>
    </ClCompile>
    <ClCompile Include="Engine\ModuleWindow.cpp">
      <Filter>Sources\Modules</Filter>
    </ClCompile>
    <ClCompile Include="Engine\ModuleRenderer3D.cpp">
      <Filter>Sources\Modules</Filter>
    </ClCompile>
    <ClCompile Include="Engine\Timer.cpp">
      <Filter>Sources\Tools</Filter>
    </ClCompile>
    <ClCompile Include="Engine\main.cpp">
      <Filter>Sources</Filter>
    </ClCompile>
    <ClCompile Include="Engine\imgui\imgui.cpp">
      <Filter>Sources\Tools\Imgui</Filter>
    </ClCompile>
    <ClCompile Include="Engine\imgui\imgui_draw.cpp">
      <Filter>Sources\Tools\Imgui</Filter>
    </ClCompile>
    <ClCompile Include="Engine\imgui\imgui_impl_sdl.cpp">
      <Filter>Sources\Tools\Imgui</Filter>
    </ClCompile>
    <ClCompile Include="Engine\ModuleImgui.cpp">
      <Filter>Sources\Modules</Filter>
    </ClCompile>
    <ClCompile Include="Engine\MathGeoLib\Algorithm\Random\LCG.cpp">
      <Filter>Sources\Tools\MathGeoLib\Random_Algorithm</Filter>
    </ClCompile>
    <ClCompile Include="Engine\MathGeoLib\Time\Clock.cpp">
      <Filter>Sources\Tools\MathGeoLib\Time</Filter>
    </ClCompile>
    <ClCompile Include="Engine\MathGeoLib\Math\BitOps.cpp">
      <Filter>Sources\Tools\MathGeoLib\Math</Filter>
    </ClCompile>
    <ClCompile Include="Engine\MathGeoLib\Math\float2.cpp">
      <Filter>Sources\Tools\MathGeoLib\Math</Filter>
    </ClCompile>
    <ClCompile Include="Engine\MathGeoLib\Math\float3.cpp">
      <Filter>Sources\Tools\MathGeoLib\Math</Filter>
    </ClCompile>
    <ClCompile Include="Engine\MathGeoLib\Math\float3x3.cpp">
      <Filter>Sources\Tools\MathGeoLib\Math</Filter>
    </ClCompile>
    <ClCompile Include="Engine\MathGeoLib\Math\float3x4.cpp">
      <Filter>Sources\Tools\MathGeoLib\Math</Filter>
    </ClCompile>
    <ClCompile Include="Engine\MathGeoLib\Math\float4.cpp">
      <Filter>Sources\Tools\MathGeoLib\Math</Filter>
    </ClCompile>
    <ClCompile Include="Engine\MathGeoLib\Math\float4x4.cpp">
      <Filter>Sources\Tools\MathGeoLib\Math</Filter>
    </ClCompile>
    <ClCompile Include="Engine\MathGeoLib\Math\MathFunc.cpp">
      <Filter>Sources\Tools\MathGeoLib\Math</Filter>
    </ClCompile>
    <ClCompile Include="Engine\MathGeoLib\Math\MathLog.cpp">
      <Filter>Sources\Tools\MathGeoLib\Math</Filter>
    </ClCompile>
    <ClCompile Include="Engine\MathGeoLib\Math\MathOps.cpp">
      <Filter>Sources\Tools\MathGeoLib\Math</Filter>
    </ClCompile>
    <ClCompile Include="Engine\MathGeoLib\Math\Polynomial.cpp">
      <Filter>Sources\Tools\MathGeoLib\Math</Filter>
    </ClCompile>
    <ClCompile Include="Engine\MathGeoLib\Math\Quat.cpp">
      <Filter>Sources\Tools\MathGeoLib\Math</Filter>
    </ClCompile>
    <ClCompile Include="Engine\MathGeoLib\Math\SSEMath.cpp">
      <Filter>Sources\Tools\MathGeoLib\Math</Filter>
    </ClCompile>
    <ClCompile Include="Engine\MathGeoLib\Math\TransformOps.cpp">
      <Filter>Sources\Tools\MathGeoLib\Math</Filter>
    </ClCompile>
    <ClCompile Include="Engine\MathGeoLib\Geometry\AABB.cpp">
      <Filter>Sources\Tools\MathGeoLib\Geometry</Filter>
    </ClCompile>
    <ClCompile Include="Engine\MathGeoLib\Geometry\Capsule.cpp">
      <Filter>Sources\Tools\MathGeoLib\Geometry</Filter>
    </ClCompile>
    <ClCompile Include="Engine\MathGeoLib\Geometry\Circle.cpp">
      <Filter>Sources\Tools\MathGeoLib\Geometry</Filter>
    </ClCompile>
    <ClCompile Include="Engine\MathGeoLib\Geometry\Frustum.cpp">
      <Filter>Sources\Tools\MathGeoLib\Geometry</Filter>
    </ClCompile>
    <ClCompile Include="Engine\MathGeoLib\Geometry\Line.cpp">
      <Filter>Sources\Tools\MathGeoLib\Geometry</Filter>
    </ClCompile>
    <ClCompile Include="Engine\MathGeoLib\Geometry\LineSegment.cpp">
      <Filter>Sources\Tools\MathGeoLib\Geometry</Filter>
    </ClCompile>
    <ClCompile Include="Engine\MathGeoLib\Geometry\OBB.cpp">
      <Filter>Sources\Tools\MathGeoLib\Geometry</Filter>
    </ClCompile>
    <ClCompile Include="Engine\MathGeoLib\Geometry\Plane.cpp">
      <Filter>Sources\Tools\MathGeoLib\Geometry</Filter>
    </ClCompile>
    <ClCompile Include="Engine\MathGeoLib\Geometry\Polygon.cpp">
      <Filter>Sources\Tools\MathGeoLib\Geometry</Filter>
    </ClCompile>
    <ClCompile Include="Engine\MathGeoLib\Geometry\Polyhedron.cpp">
      <Filter>Sources\Tools\MathGeoLib\Geometry</Filter>
    </ClCompile>
    <ClCompile Include="Engine\MathGeoLib\Geometry\Ray.cpp">
      <Filter>Sources\Tools\MathGeoLib\Geometry</Filter>
    </ClCompile>
    <ClCompile Include="Engine\MathGeoLib\Geometry\Sphere.cpp">
      <Filter>Sources\Tools\MathGeoLib\Geometry</Filter>
    </ClCompile>
    <ClCompile Include="Engine\MathGeoLib\Geometry\Triangle.cpp">
      <Filter>Sources\Tools\MathGeoLib\Geometry</Filter>
    </ClCompile>
    <ClCompile Include="Engine\MathGeoLib\Geometry\TriangleMesh.cpp">
      <Filter>Sources\Tools\MathGeoLib\Geometry</Filter>
    </ClCompile>
    <ClCompile Include="Engine\ModuleConsole.cpp">
      <Filter>Sources\Modules\Console</Filter>
    </ClCompile>
    <ClCompile Include="Engine\imgui\imgui_demo.cpp">
      <Filter>Sources\Tools\Imgui</Filter>
    </ClCompile>
    <ClCompile Include="Engine\Parson\parson.c">
      <Filter>Sources\Tools\Parson</Filter>
    </ClCompile>
    <ClCompile Include="Engine\BasicConsole.cpp">
      <Filter>Sources\Modules\Console</Filter>
    </ClCompile>
    <ClCompile Include="Engine\FileSystem.cpp">
      <Filter>Sources\Modules</Filter>
    </ClCompile>
    <ClCompile Include="Engine\ModuleHardware.cpp">
      <Filter>Sources\Modules</Filter>
    </ClCompile>
    <ClCompile Include="Engine\mmgr\mmgr.cpp">
      <Filter>Sources\Tools\mmgr</Filter>
    </ClCompile>
    <ClCompile Include="Engine\Profiler.cpp">
      <Filter>Sources\Tools</Filter>
    </ClCompile>
    <ClCompile Include="Engine\PerfTimer.cpp">
      <Filter>Sources\Tools</Filter>
    </ClCompile>
    <ClCompile Include="Engine\ModuleInput.cpp">
      <Filter>Sources\Modules\Input</Filter>
    </ClCompile>
    <ClCompile Include="Engine\InputManager.cpp">
      <Filter>Sources\Modules\Input</Filter>
    </ClCompile>
    <ClCompile Include="Engine\Primitive_.cpp">
      <Filter>Sources\Containers\Primitives</Filter>
    </ClCompile>
    <ClCompile Include="Engine\GeometryManager.cpp">
      <Filter>Sources\Modules</Filter>
    </ClCompile>
    <ClCompile Include="Engine\imgui\imgui_dock.cpp">
      <Filter>Sources\Tools\Imgui</Filter>
    </ClCompile>
    <ClCompile Include="Engine\Frustrum_.cpp">
      <Filter>Sources\Containers\Primitives</Filter>
    </ClCompile>
    <ClCompile Include="Engine\Capsule_.cpp">
      <Filter>Sources\Containers\Primitives</Filter>
    </ClCompile>
    <ClCompile Include="Engine\MathGeoLib\Geometry\Cylinder.cpp">
      <Filter>Sources\Tools\MathGeoLib\Geometry</Filter>
    </ClCompile>
    <ClCompile Include="Engine\ModuleTextures.cpp">
      <Filter>Sources\Modules</Filter>
    </ClCompile>
    <ClCompile Include="Engine\Grid_.cpp">
      <Filter>Sources\Containers\Primitives</Filter>
    </ClCompile>
    <ClCompile Include="Engine\GameObject.cpp">
      <Filter>Sources\GameObject &amp; Components</Filter>
    </ClCompile>
    <ClCompile Include="Engine\Component.cpp">
      <Filter>Sources\GameObject &amp; Components</Filter>
    </ClCompile>
    <ClCompile Include="Engine\ModuleScene.cpp">
      <Filter>Sources\Scene</Filter>
    </ClCompile>
    <ClCompile Include="Engine\ComponentTransform.cpp">
      <Filter>Sources\GameObject &amp; Components</Filter>
    </ClCompile>
    <ClCompile Include="Engine\ComponentMesh.cpp">
      <Filter>Sources\GameObject &amp; Components</Filter>
    </ClCompile>
    <ClCompile Include="Engine\ComponentMaterial.cpp">
      <Filter>Sources\GameObject &amp; Components</Filter>
    </ClCompile>
    <ClCompile Include="Engine\Light.cpp">
      <Filter>Sources\Containers</Filter>
    </ClCompile>
    <ClCompile Include="Engine\ModelImporter.cpp">
      <Filter>Sources\Importers &amp; Serializer</Filter>
    </ClCompile>
    <ClCompile Include="Engine\Importer.cpp">
      <Filter>Sources\Importers &amp; Serializer</Filter>
    </ClCompile>
    <ClCompile Include="Engine\ComponentMeshRenderer.cpp">
      <Filter>Sources\GameObject &amp; Components</Filter>
    </ClCompile>
    <ClCompile Include="Engine\MaterialImporter.cpp">
      <Filter>Sources\Importers &amp; Serializer</Filter>
    </ClCompile>
    <ClCompile Include="Engine\MeshImporter.cpp">
      <Filter>Sources\Importers &amp; Serializer</Filter>
    </ClCompile>
    <ClCompile Include="Engine\ImporterManager.cpp">
      <Filter>Sources\Importers &amp; Serializer</Filter>
    </ClCompile>
    <ClCompile Include="Engine\ComponentCamera.cpp">
      <Filter>Sources\GameObject &amp; Components</Filter>
    </ClCompile>
    <ClCompile Include="Engine\PrimitiveGenerator.cpp">
      <Filter>Sources\PrimitiveGenerators</Filter>
    </ClCompile>
    <ClCompile Include="Engine\SphereGenerator.cpp">
      <Filter>Sources\PrimitiveGenerators</Filter>
    </ClCompile>
    <ClCompile Include="Engine\CubeGenerator.cpp">
      <Filter>Sources\PrimitiveGenerators</Filter>
    </ClCompile>
    <ClCompile Include="Engine\CylinderGenerator.cpp">
      <Filter>Sources\PrimitiveGenerators</Filter>
    </ClCompile>
    <ClCompile Include="Engine\Serializer.cpp">
      <Filter>Sources\Importers &amp; Serializer</Filter>
    </ClCompile>
    <ClCompile Include="Engine\FrustumGenerator.cpp">
      <Filter>Sources\PrimitiveGenerators</Filter>
    </ClCompile>
    <ClCompile Include="Engine\ComponentCubeMesh.cpp">
      <Filter>Sources\GameObject &amp; Components</Filter>
    </ClCompile>
    <ClCompile Include="Engine\ComponentSphereMesh.cpp">
      <Filter>Sources\GameObject &amp; Components</Filter>
    </ClCompile>
    <ClCompile Include="Engine\ComponentPrimitiveMesh.cpp">
      <Filter>Sources\GameObject &amp; Components</Filter>
    </ClCompile>
    <ClCompile Include="Engine\ComponentCylinderMesh.cpp">
      <Filter>Sources\GameObject &amp; Components</Filter>
    </ClCompile>
    <ClCompile Include="Engine\TimeManager.cpp">
      <Filter>Sources\Tools</Filter>
    </ClCompile>
    <ClCompile Include="Engine\ResourcesManager.cpp">
      <Filter>Sources\Modules</Filter>
    </ClCompile>
    <ClCompile Include="Engine\Resource.cpp">
      <Filter>Sources\Resources</Filter>
    </ClCompile>
    <ClCompile Include="Engine\ResourceMesh.cpp">
      <Filter>Sources\Resources</Filter>
    </ClCompile>
    <ClCompile Include="Engine\ResourceMaterial.cpp">
      <Filter>Sources\Resources</Filter>
    </ClCompile>
  </ItemGroup>
  <ItemGroup>
    <None Include="Engine\Snippets\CodeShortcuts.snippet">
      <Filter>Sources\Tools</Filter>
    </None>
    <None Include="Engine\MathGeoLib\Math\Matrix.inl">
      <Filter>Sources\Tools\MathGeoLib\Math</Filter>
    </None>
    <None Include="Engine\MathGeoLib\Geometry\KDTree.inl">
      <Filter>Sources\Tools\MathGeoLib\Geometry</Filter>
    </None>
    <None Include="Engine\MathGeoLib\Geometry\QuadTree.inl">
      <Filter>Sources\Tools\MathGeoLib\Geometry</Filter>
    </None>
    <None Include="Engine\MathGeoLib\Geometry\TriangleMesh_IntersectRay_AVX.inl">
      <Filter>Sources\Tools\MathGeoLib\Geometry</Filter>
    </None>
    <None Include="Engine\MathGeoLib\Geometry\TriangleMesh_IntersectRay_CPP.inl">
      <Filter>Sources\Tools\MathGeoLib\Geometry</Filter>
    </None>
    <None Include="Engine\MathGeoLib\Geometry\TriangleMesh_IntersectRay_SSE.inl">
      <Filter>Sources\Tools\MathGeoLib\Geometry</Filter>
    </None>
  </ItemGroup>
</Project>